
Microsoft Visual Studio Solution File, Format Version 12.00
# Visual Studio Version 17
VisualStudioVersion = 17.1.32421.90
MinimumVisualStudioVersion = 10.0.40219.1
Project("{FAE04EC0-301F-11D3-BF4B-00C04F79EFBC}") = "TXMeetingRing", "TXMeetingRing.csproj", "{AA83E8D3-BF02-4083-96F5-0043D983D04F}"
EndProject
Global
	GlobalSection(SolutionConfigurationPlatforms) = preSolution
		Debug|Any CPU = Debug|Any CPU
		Release|Any CPU = Release|Any CPU
	EndGlobalSection
	GlobalSection(ProjectConfigurationPlatforms) = postSolution
		{AA83E8D3-BF02-4083-96F5-0043D983D04F}.Debug|Any CPU.ActiveCfg = Debug|Any CPU
		{AA83E8D3-BF02-4083-96F5-0043D983D04F}.Debug|Any CPU.Build.0 = Debug|Any CPU
		{AA83E8D3-BF02-4083-96F5-0043D983D04F}.Release|Any CPU.ActiveCfg = Release|Any CPU
		{AA83E8D3-BF02-4083-96F5-0043D983D04F}.Release|Any CPU.Build.0 = Release|Any CPU
	EndGlobalSection
	GlobalSection(SolutionProperties) = preSolution
		HideSolutionNode = FALSE
	EndGlobalSection
	GlobalSection(ExtensibilityGlobals) = postSolution
		SolutionGuid = {59653584-F713-4801-86FB-A0986C674078}
	EndGlobalSection
EndGlobal
